[root]
name = "seabirdsbreakfast"
version = "0.0.1"
dependencies = [
 "piston 0.0.0 (git+https://github.com/pistondevelopers/piston)",
 "sdl2_mixer 0.0.3 (git+https://github.com/andelf/rust-sdl2_mixer)",
]

[[package]]
name = "fps_counter"
version = "0.0.0"
source = "git+https://github.com/pistondevelopers/fps_counter#6104c72e4f3d496a0a5fa70a93b95a52826fd77f"
dependencies = [
 "time 0.1.4 (git+http://github.com/rust-lang/time)",
]

[[package]]
name = "freetype-rs"
version = "0.0.1"
source = "git+https://github.com/PistonDevelopers/freetype-rs.git#11909d73f0c758ef8ee11887656429f9a115b2f5"
dependencies = [
 "freetype-sys 0.0.1 (git+https://github.com/PistonDevelopers/freetype-sys)",
]

[[package]]
name = "freetype-sys"
version = "0.0.1"
source = "git+https://github.com/PistonDevelopers/freetype-sys#7a4ada1f2e399b724766ea07ba8d0ded61eeddc4"
dependencies = [
 "libz-sys 0.1.0 (registry+https://github.com/rust-lang/crates.io-index)",
 "pkg-config 0.1.2 (registry+https://github.com/rust-lang/crates.io-index)",
]

[[package]]
name = "gcc"
version = "0.1.2"
source = "registry+https://github.com/rust-lang/crates.io-index"

[[package]]
name = "gl"
version = "0.0.2"
source = "git+https://github.com/bjz/gl-rs#d00d8e7790e10b22b38536d43ba507407aa6ab87"
dependencies = [
 "gl_generator 0.0.4 (git+https://github.com/bjz/gl-rs)",
]

[[package]]
name = "gl_common"
version = "0.0.3"
source = "git+https://github.com/bjz/gl-rs#d00d8e7790e10b22b38536d43ba507407aa6ab87"

[[package]]
name = "gl_generator"
version = "0.0.4"
source = "git+https://github.com/bjz/gl-rs#d00d8e7790e10b22b38536d43ba507407aa6ab87"
dependencies = [
 "gl_common 0.0.3 (git+https://github.com/bjz/gl-rs)",
 "khronos_api 0.0.3 (git+https://github.com/bjz/gl-rs)",
 "xml-rs 0.1.4 (git+https://github.com/netvl/xml-rs)",
]

[[package]]
name = "image"
version = "0.2.0-alpha.4"
source = "git+https://github.com/pistondevelopers/image#6803b1e80f02a4f2aaffc70bff0d168e28d3603c"

[[package]]
name = "khronos_api"
version = "0.0.3"
source = "git+https://github.com/bjz/gl-rs#d00d8e7790e10b22b38536d43ba507407aa6ab87"

[[package]]
name = "libz-sys"
version = "0.1.0"
source = "registry+https://github.com/rust-lang/crates.io-index"
dependencies = [
 "pkg-config 0.1.2 (registry+https://github.com/rust-lang/crates.io-index)",
]

[[package]]
name = "log"
version = "0.1.3"
source = "registry+https://github.com/rust-lang/crates.io-index"
dependencies = [
 "regex 0.1.4 (registry+https://github.com/rust-lang/crates.io-index)",
]

[[package]]
name = "piston"
version = "0.0.0"
source = "git+https://github.com/pistondevelopers/piston#d8f44b8943c6d45e60c2704a4665d31ddb52428d"
dependencies = [
 "fps_counter 0.0.0 (git+https://github.com/pistondevelopers/fps_counter)",
 "image 0.2.0-alpha.4 (git+https://github.com/pistondevelopers/image)",
 "piston-ai_behavior 0.0.1 (git+https://github.com/pistondevelopers/ai_behavior)",
 "piston2d-drag_controller 0.0.1 (git+https://github.com/pistondevelopers/drag_controller)",
 "piston2d-graphics 0.0.1 (git+https://github.com/pistondevelopers/graphics)",
 "piston2d-opengl_graphics 0.0.0 (git+https://github.com/pistondevelopers/opengl_graphics)",
 "piston3d-cam 0.0.0 (git+https://github.com/pistondevelopers/cam)",
 "pistoncore-event 0.0.1 (git+https://github.com/pistondevelopers/event)",
 "pistoncore-input 0.0.3 (git+https://github.com/pistondevelopers/input)",
 "pistoncore-sdl2_window 0.0.0 (git+https://github.com/pistondevelopers/sdl2_window)",
 "read_color 0.0.1 (git+https://github.com/pistondevelopers/read_color)",
 "sdl2 0.0.13 (registry+https://github.com/rust-lang/crates.io-index)",
 "select_color 0.0.0 (git+https://github.com/pistondevelopers/select_color)",
 "shader_version 0.0.0 (git+https://github.com/pistondevelopers/shader_version)",
 "vecmath 0.0.1 (git+https://github.com/pistondevelopers/vecmath)",
]

[[package]]
name = "piston-ai_behavior"
version = "0.0.1"
source = "git+https://github.com/pistondevelopers/ai_behavior#8afab0d0ad8aca3a9170ff29f37b86458e7e7c76"
dependencies = [
 "pistoncore-event 0.0.1 (git+https://github.com/pistondevelopers/event)",
 "rustc-serialize 0.1.4 (registry+https://github.com/rust-lang/crates.io-index)",
]

[[package]]
name = "piston-texture"
version = "0.0.1"
source = "git+https://github.com/pistondevelopers/texture#0380876cec71e384841d5a06ad32cb462c97be20"

[[package]]
name = "piston2d-drag_controller"
version = "0.0.1"
source = "git+https://github.com/pistondevelopers/drag_controller#2366484795c61ad8be124ac040935bdbe64960b9"
dependencies = [
 "pistoncore-event 0.0.1 (git+https://github.com/pistondevelopers/event)",
]

[[package]]
name = "piston2d-graphics"
version = "0.0.1"
source = "git+https://github.com/pistondevelopers/graphics#392274b44ccf40b9c2239c31bc76c34bc874d007"
dependencies = [
 "piston-texture 0.0.1 (git+https://github.com/pistondevelopers/texture)",
 "pistoncore-current 0.0.3 (git+https://github.com/PistonDevelopers/current)",
 "read_color 0.0.1 (git+https://github.com/pistondevelopers/read_color)",
 "vecmath 0.0.1 (git+https://github.com/pistondevelopers/vecmath)",
]

[[package]]
name = "piston2d-opengl_graphics"
version = "0.0.0"
source = "git+https://github.com/pistondevelopers/opengl_graphics#0bfb30a7e5f3e8c4dc62734ce17771d267b37b29"
dependencies = [
 "freetype-rs 0.0.1 (git+https://github.com/PistonDevelopers/freetype-rs.git)",
 "gl 0.0.2 (git+https://github.com/bjz/gl-rs)",
 "image 0.2.0-alpha.4 (git+https://github.com/pistondevelopers/image)",
 "piston-texture 0.0.1 (git+https://github.com/pistondevelopers/texture)",
 "piston2d-graphics 0.0.1 (git+https://github.com/pistondevelopers/graphics)",
 "shader_version 0.0.0 (git+https://github.com/pistondevelopers/shader_version)",
]

[[package]]
name = "piston3d-cam"
version = "0.0.0"
source = "git+https://github.com/pistondevelopers/cam#a4ad75edd1b2d73bcd58557a40119628eaeac1c7"
dependencies = [
 "pistoncore-event 0.0.1 (git+https://github.com/pistondevelopers/event)",
 "vecmath 0.0.1 (git+https://github.com/pistondevelopers/vecmath)",
]

[[package]]
name = "pistoncore-current"
version = "0.0.3"
source = "git+https://github.com/PistonDevelopers/current#c3c009d761bc90934a8167f418c7a78faa820ec9"

[[package]]
name = "pistoncore-event"
version = "0.0.1"
source = "git+https://github.com/pistondevelopers/event#8da3cbbd3764d8aa9ba3fbf4ccacc60069471b76"
dependencies = [
 "pistoncore-current 0.0.3 (git+https://github.com/PistonDevelopers/current)",
 "pistoncore-event_loop 0.0.2 (git+https://github.com/PistonDevelopers/event_loop)",
 "pistoncore-input 0.0.3 (git+https://github.com/pistondevelopers/input)",
 "pistoncore-window 0.0.1 (git+https://github.com/PistonDevelopers/window)",
]

[[package]]
name = "pistoncore-event_loop"
version = "0.0.2"
source = "git+https://github.com/PistonDevelopers/event_loop#98cd324f4b7448458928763e80db2ed44a26ea6e"
dependencies = [
 "pistoncore-current 0.0.3 (git+https://github.com/PistonDevelopers/current)",
 "time 0.1.4 (git+http://github.com/rust-lang/time)",
]

[[package]]
name = "pistoncore-input"
version = "0.0.3"
source = "git+https://github.com/pistondevelopers/input#7d5b3ee529875ee3241ab53da9c4d65f0988ec3e"
dependencies = [
 "rustc-serialize 0.1.4 (registry+https://github.com/rust-lang/crates.io-index)",
]

[[package]]
name = "pistoncore-sdl2_window"
version = "0.0.0"
source = "git+https://github.com/pistondevelopers/sdl2_window#c484f13b4a7b071c9090d4c8fcfacf8ca529e017"
dependencies = [
 "gl 0.0.2 (git+https://github.com/bjz/gl-rs)",
 "pistoncore-input 0.0.3 (git+https://github.com/pistondevelopers/input)",
 "pistoncore-window 0.0.1 (git+https://github.com/PistonDevelopers/window)",
 "sdl2 0.0.13 (registry+https://github.com/rust-lang/crates.io-index)",
 "shader_version 0.0.0 (git+https://github.com/pistondevelopers/shader_version)",
]

[[package]]
name = "pistoncore-window"
version = "0.0.1"
source = "git+https://github.com/PistonDevelopers/window#9e281b62aa3292d9554044ee846264783e3212da"
dependencies = [
 "pistoncore-current 0.0.3 (git+https://github.com/PistonDevelopers/current)",
 "pistoncore-event_loop 0.0.2 (git+https://github.com/PistonDevelopers/event_loop)",
 "pistoncore-input 0.0.3 (git+https://github.com/pistondevelopers/input)",
]

[[package]]
name = "pkg-config"
version = "0.1.2"
source = "registry+https://github.com/rust-lang/crates.io-index"

[[package]]
name = "read_color"
version = "0.0.1"
source = "git+https://github.com/pistondevelopers/read_color#3341ae05529048810206377310048403e13de3a4"

[[package]]
name = "regex"
version = "0.1.4"
source = "registry+https://github.com/rust-lang/crates.io-index"

[[package]]
name = "rustc-serialize"
version = "0.1.4"
source = "registry+https://github.com/rust-lang/crates.io-index"

[[package]]
name = "sdl2"
version = "0.0.13"
source = "registry+https://github.com/rust-lang/crates.io-index"

[[package]]
name = "sdl2_mixer"
version = "0.0.3"
source = "git+https://github.com/andelf/rust-sdl2_mixer#256bf8a45b474b1abb7522f65f8e85c89a87ca53"
dependencies = [
 "sdl2 0.0.13 (registry+https://github.com/rust-lang/crates.io-index)",
]

[[package]]
name = "select_color"
version = "0.0.0"
source = "git+https://github.com/pistondevelopers/select_color#ded93cb1094659500b9ca31da353b0c258004f43"
dependencies = [
 "image 0.2.0-alpha.4 (git+https://github.com/pistondevelopers/image)",
]

[[package]]
name = "shader_version"
version = "0.0.0"
source = "git+https://github.com/pistondevelopers/shader_version#d06e44721e837d0d016cbe10872a9c9faa65f964"

[[package]]
name = "time"
version = "0.1.4"
source = "git+http://github.com/rust-lang/time#11636ff02b44f73dc32cc10edb27af19051291fc"
dependencies = [
 "gcc 0.1.2 (registry+https://github.com/rust-lang/crates.io-index)",
 "log 0.1.3 (registry+https://github.com/rust-lang/crates.io-index)",
 "rustc-serialize 0.1.4 (registry+https://github.com/rust-lang/crates.io-index)",
]

[[package]]
name = "vecmath"
version = "0.0.1"
source = "git+https://github.com/pistondevelopers/vecmath#23830f2b9eb9a3eb118173680984673adef2d4bb"

[[package]]
name = "xml-rs"
version = "0.1.4"
source = "git+https://github.com/netvl/xml-rs#8821a34acb9bdbd0e51282b91e34d9369be527a4"

