[root]
name = "seabirdsbreakfast"
version = "0.0.1"
dependencies = [
 "piston 0.0.0 (git+https://github.com/pistondevelopers/piston)",
 "sdl2 0.0.10 (git+https://github.com/AngryLawyer/rust-sdl2)",
 "sdl2_mixer 0.0.1 (git+https://github.com/bvssvni/rust-sdl2_mixer)",
]

[[package]]
name = "astar"
version = "0.0.3"
source = "git+https://github.com/TyOverby/astar#ac1eb53f58c121a61b34c0b886445c8f95e4d427"
dependencies = [
 "num 0.1.0 (registry+https://github.com/rust-lang/crates.io-index)",
]

[[package]]
name = "bchannel"
version = "0.0.1"
source = "registry+https://github.com/rust-lang/crates.io-index"

[[package]]
name = "bincode"
version = "0.0.2"
source = "registry+https://github.com/rust-lang/crates.io-index"

[[package]]
name = "conrod"
version = "0.0.0"
source = "git+https://github.com/pistondevelopers/conrod#b1b0552c4bb57be81cb9f1b08e8331dbf2017c37"
dependencies = [
 "freetype-rs 0.0.1 (git+https://github.com/PistonDevelopers/freetype-rs.git)",
 "piston2d-graphics 0.0.1 (git+https://github.com/pistondevelopers/graphics)",
 "piston2d-opengl_graphics 0.0.0 (git+https://github.com/pistondevelopers/opengl_graphics)",
 "pistoncore-event 0.0.1 (git+https://github.com/pistondevelopers/event)",
 "pistoncore-input 0.0.1 (git+https://github.com/pistondevelopers/input)",
 "vecmath 0.0.1 (git+https://github.com/pistondevelopers/vecmath)",
]

[[package]]
name = "device"
version = "0.1.0"
source = "git+https://github.com/gfx-rs/gfx-rs#addf284794692f29f80fb621cd3328e127e5cfc9"
dependencies = [
 "gfx_gl 0.1.0 (git+https://github.com/gfx-rs/gfx_gl.git)",
]

[[package]]
name = "dsp-chain"
version = "0.0.0"
source = "git+https://github.com/RustAudio/dsp-chain#b97c975313049ee0b417862b631adc468fc17544"
dependencies = [
 "sound_stream 0.1.0 (git+https://github.com/RustAudio/sound_stream)",
]

[[package]]
name = "fps_counter"
version = "0.0.0"
source = "git+https://github.com/pistondevelopers/fps_counter#6104c72e4f3d496a0a5fa70a93b95a52826fd77f"
dependencies = [
 "time 0.1.3 (git+https://github.com/rust-lang/time)",
]

[[package]]
name = "freetype-rs"
version = "0.0.1"
source = "git+https://github.com/PistonDevelopers/freetype-rs.git#091f78f2134a653243e88a142b1705828861e69d"
dependencies = [
 "freetype-sys 0.0.1 (git+https://github.com/PistonDevelopers/freetype-sys)",
]

[[package]]
name = "freetype-sys"
version = "0.0.1"
source = "git+https://github.com/PistonDevelopers/freetype-sys#7a4ada1f2e399b724766ea07ba8d0ded61eeddc4"
dependencies = [
 "libz-sys 0.1.0 (registry+https://github.com/rust-lang/crates.io-index)",
 "pkg-config 0.1.2 (registry+https://github.com/rust-lang/crates.io-index)",
]

[[package]]
name = "gcc"
version = "0.1.2"
source = "git+https://github.com/alexcrichton/gcc-rs#f7b47d923a78155f88d13c7030e61445d46b3245"

[[package]]
name = "genmesh"
version = "0.0.1"
source = "git+https://github.com/csherratt/genmesh.git#fbf3314a0f93705cc4ec33d237b1b353c17e98e8"

[[package]]
name = "gfx"
version = "0.1.0"
source = "git+https://github.com/gfx-rs/gfx-rs#addf284794692f29f80fb621cd3328e127e5cfc9"
dependencies = [
 "device 0.1.0 (git+https://github.com/gfx-rs/gfx-rs)",
 "gfx_macros 0.1.0 (git+https://github.com/gfx-rs/gfx-rs)",
 "render 0.1.0 (git+https://github.com/gfx-rs/gfx-rs)",
]

[[package]]
name = "gfx_gl"
version = "0.1.0"
source = "git+https://github.com/gfx-rs/gfx_gl.git#ed681503da2e7ed9343003e78af4767e8e4e33a8"
dependencies = [
 "gl_generator 0.0.4 (git+https://github.com/bjz/gl-rs)",
]

[[package]]
name = "gfx_macros"
version = "0.1.0"
source = "git+https://github.com/gfx-rs/gfx-rs#addf284794692f29f80fb621cd3328e127e5cfc9"

[[package]]
name = "gl"
version = "0.0.2"
source = "git+https://github.com/bjz/gl-rs#31f3ef8bad2593283d4cd367a5de99ab24a0fa5d"
dependencies = [
 "gl_generator 0.0.4 (git+https://github.com/bjz/gl-rs)",
]

[[package]]
name = "gl_common"
version = "0.0.3"
source = "git+https://github.com/bjz/gl-rs#31f3ef8bad2593283d4cd367a5de99ab24a0fa5d"

[[package]]
name = "gl_generator"
version = "0.0.4"
source = "git+https://github.com/bjz/gl-rs#31f3ef8bad2593283d4cd367a5de99ab24a0fa5d"
dependencies = [
 "gl_common 0.0.3 (git+https://github.com/bjz/gl-rs)",
 "khronos_api 0.0.3 (git+https://github.com/bjz/gl-rs)",
 "xml-rs 0.1.3 (registry+https://github.com/rust-lang/crates.io-index)",
]

[[package]]
name = "image"
version = "0.2.0-alpha.3"
source = "git+https://github.com/pistondevelopers/image#c06814e23cb02528636b7adaf5aa95fbbe114afa"

[[package]]
name = "img_hash"
version = "0.0.3"
source = "git+https://github.com/cybergeek94/img_hash#c020fff53c393d873322b2d02e6157e66eb9b109"
dependencies = [
 "image 0.2.0-alpha.3 (git+https://github.com/pistondevelopers/image)",
]

[[package]]
name = "khronos_api"
version = "0.0.3"
source = "git+https://github.com/bjz/gl-rs#31f3ef8bad2593283d4cd367a5de99ab24a0fa5d"

[[package]]
name = "libz-sys"
version = "0.1.0"
source = "registry+https://github.com/rust-lang/crates.io-index"
dependencies = [
 "pkg-config 0.1.2 (registry+https://github.com/rust-lang/crates.io-index)",
]

[[package]]
name = "noise"
version = "0.0.3"
source = "git+https://github.com/bjz/noise-rs#c08828ea536aabc8733307a248e2a44e09d5df8a"

[[package]]
name = "num"
version = "0.1.0"
source = "registry+https://github.com/rust-lang/crates.io-index"

[[package]]
name = "piston"
version = "0.0.0"
source = "git+https://github.com/pistondevelopers/piston#09018cb1856abfcbff359e884d10cd8d1818fb55"
dependencies = [
 "astar 0.0.3 (git+https://github.com/TyOverby/astar)",
 "conrod 0.0.0 (git+https://github.com/pistondevelopers/conrod)",
 "dsp-chain 0.0.0 (git+https://github.com/RustAudio/dsp-chain)",
 "fps_counter 0.0.0 (git+https://github.com/pistondevelopers/fps_counter)",
 "genmesh 0.0.1 (git+https://github.com/csherratt/genmesh.git)",
 "gfx 0.1.0 (git+https://github.com/gfx-rs/gfx-rs)",
 "image 0.2.0-alpha.3 (git+https://github.com/pistondevelopers/image)",
 "img_hash 0.0.3 (git+https://github.com/cybergeek94/img_hash)",
 "noise 0.0.3 (git+https://github.com/bjz/noise-rs)",
 "piston-ai_behavior 0.0.1 (git+https://github.com/pistondevelopers/ai_behavior)",
 "piston2d-drag_controller 0.0.1 (git+https://github.com/pistondevelopers/drag_controller)",
 "piston2d-gfx_graphics 0.0.0 (git+https://github.com/pistondevelopers/gfx_graphics)",
 "piston2d-graphics 0.0.1 (git+https://github.com/pistondevelopers/graphics)",
 "piston2d-opengl_graphics 0.0.0 (git+https://github.com/pistondevelopers/opengl_graphics)",
 "piston2d-sprite 0.0.1 (git+https://github.com/pistondevelopers/sprite)",
 "piston3d-cam 0.0.0 (git+https://github.com/pistondevelopers/cam)",
 "pistoncore-event 0.0.1 (git+https://github.com/pistondevelopers/event)",
 "pistoncore-input 0.0.1 (git+https://github.com/pistondevelopers/input)",
 "pistoncore-sdl2_window 0.0.0 (git+https://github.com/pistondevelopers/sdl2_window)",
 "read_color 0.0.1 (git+https://github.com/pistondevelopers/read_color)",
 "select_color 0.0.0 (git+https://github.com/pistondevelopers/select_color)",
 "shader_version 0.0.0 (git+https://github.com/pistondevelopers/shader_version)",
 "texture_packer 0.0.0 (git+https://github.com/PistonDevelopers/texture_packer)",
 "vecmath 0.0.1 (git+https://github.com/pistondevelopers/vecmath)",
 "wavefront_obj 0.0.0 (git+https://github.com/pistondevelopers/wavefront_obj)",
 "wire 0.0.2 (git+https://github.com/TyOverby/wire)",
]

[[package]]
name = "piston-ai_behavior"
version = "0.0.1"
source = "git+https://github.com/pistondevelopers/ai_behavior#e6d806ba7823248e300ef03329debd1b5aee7c25"
dependencies = [
 "pistoncore-event 0.0.1 (git+https://github.com/pistondevelopers/event)",
]

[[package]]
name = "piston-gfx_texture"
version = "0.0.0"
source = "git+https://github.com/pistondevelopers/gfx_texture#37397a298d2fd5275a9cd54653c21ed562b82403"
dependencies = [
 "gfx 0.1.0 (git+https://github.com/gfx-rs/gfx-rs)",
 "image 0.2.0-alpha.3 (git+https://github.com/pistondevelopers/image)",
 "piston-texture 0.0.1 (git+https://github.com/PistonDevelopers/texture)",
]

[[package]]
name = "piston-texture"
version = "0.0.1"
source = "git+https://github.com/PistonDevelopers/texture#0380876cec71e384841d5a06ad32cb462c97be20"

[[package]]
name = "piston2d-drag_controller"
version = "0.0.1"
source = "git+https://github.com/pistondevelopers/drag_controller#2366484795c61ad8be124ac040935bdbe64960b9"
dependencies = [
 "pistoncore-event 0.0.1 (git+https://github.com/pistondevelopers/event)",
]

[[package]]
name = "piston2d-gfx_graphics"
version = "0.0.0"
source = "git+https://github.com/pistondevelopers/gfx_graphics#181e81dd8ac0118d8fff11001d02309fd769484d"
dependencies = [
 "gfx 0.1.0 (git+https://github.com/gfx-rs/gfx-rs)",
 "gfx_macros 0.1.0 (git+https://github.com/gfx-rs/gfx-rs)",
 "image 0.2.0-alpha.3 (git+https://github.com/pistondevelopers/image)",
 "piston-gfx_texture 0.0.0 (git+https://github.com/pistondevelopers/gfx_texture)",
 "piston2d-graphics 0.0.1 (git+https://github.com/pistondevelopers/graphics)",
]

[[package]]
name = "piston2d-graphics"
version = "0.0.1"
source = "git+https://github.com/pistondevelopers/graphics#392274b44ccf40b9c2239c31bc76c34bc874d007"
dependencies = [
 "piston-texture 0.0.1 (git+https://github.com/PistonDevelopers/texture)",
 "pistoncore-current 0.0.2 (git+https://github.com/pistondevelopers/current)",
 "read_color 0.0.1 (git+https://github.com/pistondevelopers/read_color)",
 "vecmath 0.0.1 (git+https://github.com/pistondevelopers/vecmath)",
]

[[package]]
name = "piston2d-opengl_graphics"
version = "0.0.0"
source = "git+https://github.com/pistondevelopers/opengl_graphics#3a793313fc3098153dc6b23d7c4975fbc177a60a"
dependencies = [
 "freetype-rs 0.0.1 (git+https://github.com/PistonDevelopers/freetype-rs.git)",
 "gl 0.0.2 (git+https://github.com/bjz/gl-rs)",
 "image 0.2.0-alpha.3 (git+https://github.com/pistondevelopers/image)",
 "piston-texture 0.0.1 (git+https://github.com/PistonDevelopers/texture)",
 "piston2d-graphics 0.0.1 (git+https://github.com/pistondevelopers/graphics)",
 "shader_version 0.0.0 (git+https://github.com/pistondevelopers/shader_version)",
]

[[package]]
name = "piston2d-sprite"
version = "0.0.1"
source = "git+https://github.com/pistondevelopers/sprite#e459ed3ab493e7b6abfcbff00745b8f9bcafeaf2"
dependencies = [
 "piston-ai_behavior 0.0.1 (git+https://github.com/pistondevelopers/ai_behavior)",
 "piston2d-graphics 0.0.1 (git+https://github.com/pistondevelopers/graphics)",
 "pistoncore-current 0.0.2 (git+https://github.com/pistondevelopers/current)",
 "pistoncore-event 0.0.1 (git+https://github.com/pistondevelopers/event)",
 "uuid 0.1.1 (git+https://github.com/rust-lang/uuid)",
]

[[package]]
name = "piston3d-cam"
version = "0.0.0"
source = "git+https://github.com/pistondevelopers/cam#64ca4bd9c9edf3581f1ec4946f5b09d8950bd2b7"
dependencies = [
 "pistoncore-event 0.0.1 (git+https://github.com/pistondevelopers/event)",
 "vecmath 0.0.1 (git+https://github.com/pistondevelopers/vecmath)",
]

[[package]]
name = "pistoncore-current"
version = "0.0.2"
source = "git+https://github.com/pistondevelopers/current#b53497eebc6e583092ea0c386b9f48023ce0e9c0"

[[package]]
name = "pistoncore-event"
version = "0.0.1"
source = "git+https://github.com/pistondevelopers/event#8f095d7946d119d04c3547a7a9f403981946a3c8"
dependencies = [
 "pistoncore-current 0.0.2 (git+https://github.com/pistondevelopers/current)",
 "pistoncore-event_loop 0.0.2 (git+https://github.com/PistonDevelopers/event_loop)",
 "pistoncore-input 0.0.1 (git+https://github.com/pistondevelopers/input)",
 "pistoncore-window 0.0.1 (git+https://github.com/PistonDevelopers/window)",
]

[[package]]
name = "pistoncore-event_loop"
version = "0.0.2"
source = "git+https://github.com/PistonDevelopers/event_loop#4df43fe7e4c7ec5bbd5bf50a34f24ad6009e957f"
dependencies = [
 "pistoncore-current 0.0.2 (git+https://github.com/pistondevelopers/current)",
 "time 0.1.3 (git+https://github.com/rust-lang/time)",
]

[[package]]
name = "pistoncore-input"
version = "0.0.1"
source = "git+https://github.com/pistondevelopers/input#6b314eec14096feae33d8bae113341bd6a9d28a4"

[[package]]
name = "pistoncore-sdl2_window"
version = "0.0.0"
source = "git+https://github.com/pistondevelopers/sdl2_window#1b2db0c8e891507d51eb062c0ef4b921f13f7741"
dependencies = [
 "gl 0.0.2 (git+https://github.com/bjz/gl-rs)",
 "pistoncore-input 0.0.1 (git+https://github.com/pistondevelopers/input)",
 "pistoncore-window 0.0.1 (git+https://github.com/PistonDevelopers/window)",
 "sdl2 0.0.10 (git+https://github.com/AngryLawyer/rust-sdl2)",
 "shader_version 0.0.0 (git+https://github.com/pistondevelopers/shader_version)",
]

[[package]]
name = "pistoncore-window"
version = "0.0.1"
source = "git+https://github.com/PistonDevelopers/window#9e281b62aa3292d9554044ee846264783e3212da"
dependencies = [
 "pistoncore-current 0.0.2 (git+https://github.com/pistondevelopers/current)",
 "pistoncore-event_loop 0.0.2 (git+https://github.com/PistonDevelopers/event_loop)",
 "pistoncore-input 0.0.1 (git+https://github.com/pistondevelopers/input)",
]

[[package]]
name = "pkg-config"
version = "0.1.2"
source = "registry+https://github.com/rust-lang/crates.io-index"

[[package]]
name = "read_color"
version = "0.0.1"
source = "git+https://github.com/pistondevelopers/read_color#3341ae05529048810206377310048403e13de3a4"

[[package]]
name = "render"
version = "0.1.0"
source = "git+https://github.com/gfx-rs/gfx-rs#addf284794692f29f80fb621cd3328e127e5cfc9"
dependencies = [
 "device 0.1.0 (git+https://github.com/gfx-rs/gfx-rs)",
]

[[package]]
name = "rust-portaudio"
version = "0.3.0"
source = "git+https://github.com/jeremyletang/rust-portaudio#3fcea534174e5800ac4918590342930119584030"

[[package]]
name = "sdl2"
version = "0.0.10"
source = "git+https://github.com/AngryLawyer/rust-sdl2#2443bab12097018505dbb303a5fb70e86afa9bab"

[[package]]
name = "sdl2_mixer"
version = "0.0.1"
source = "git+https://github.com/bvssvni/rust-sdl2_mixer#47fc5fc0c56a362ca582a49b6ff7e3cd3b1d65af"
dependencies = [
 "sdl2 0.0.10 (git+https://github.com/AngryLawyer/rust-sdl2)",
]

[[package]]
name = "select_color"
version = "0.0.0"
source = "git+https://github.com/pistondevelopers/select_color#ded93cb1094659500b9ca31da353b0c258004f43"
dependencies = [
 "image 0.2.0-alpha.3 (git+https://github.com/pistondevelopers/image)",
]

[[package]]
name = "shader_version"
version = "0.0.0"
source = "git+https://github.com/pistondevelopers/shader_version#d06e44721e837d0d016cbe10872a9c9faa65f964"

[[package]]
name = "sound_stream"
version = "0.1.0"
source = "git+https://github.com/RustAudio/sound_stream#42062f21c4067abbdf4e8fde4c27a76949083fa9"
dependencies = [
 "rust-portaudio 0.3.0 (git+https://github.com/jeremyletang/rust-portaudio)",
 "time 0.1.3 (git+https://github.com/rust-lang/time)",
]

[[package]]
name = "texture_packer"
version = "0.0.0"
source = "git+https://github.com/PistonDevelopers/texture_packer#3e556154afca69e7d07b01ee9dac31f55c07d4d9"
dependencies = [
 "image 0.2.0-alpha.3 (git+https://github.com/pistondevelopers/image)",
]

[[package]]
name = "time"
version = "0.1.3"
source = "git+https://github.com/rust-lang/time#914a48401168169ccd1a822c2d32d87965306141"
dependencies = [
 "gcc 0.1.2 (git+https://github.com/alexcrichton/gcc-rs)",
]

[[package]]
name = "uuid"
version = "0.1.1"
source = "git+https://github.com/rust-lang/uuid#df1870b56cf22366367f4767769498a301045fdb"

[[package]]
name = "vecmath"
version = "0.0.1"
source = "git+https://github.com/pistondevelopers/vecmath#23830f2b9eb9a3eb118173680984673adef2d4bb"

[[package]]
name = "wavefront_obj"
version = "0.0.0"
source = "git+https://github.com/pistondevelopers/wavefront_obj#cb074c81271a9f786ff994ebe12b1d2a33b33169"

[[package]]
name = "wire"
version = "0.0.2"
source = "git+https://github.com/TyOverby/wire#da30b027dd1a15c72d1289dd5bd74e4d3330ae84"
dependencies = [
 "bchannel 0.0.1 (registry+https://github.com/rust-lang/crates.io-index)",
 "bincode 0.0.2 (registry+https://github.com/rust-lang/crates.io-index)",
]

[[package]]
name = "xml-rs"
version = "0.1.3"
source = "registry+https://github.com/rust-lang/crates.io-index"

